
Microsoft Visual Studio Solution File, Format Version 12.00
# Visual Studio Version 16
VisualStudioVersion = 16.0.29728.190
MinimumVisualStudioVersion = 10.0.40219.1
Project("{8BC9CEB8-8B4A-11D0-8D11-00A0C91BC942}") = "fstream02", "fstream02\fstream02.vcxproj", "{A262F091-A33F-4D49-A5B1-E59CC90793EB}"
EndProject
Global
	GlobalSection(SolutionConfigurationPlatforms) = preSolution
		Debug|x64 = Debug|x64
		Debug|x86 = Debug|x86
		Release|x64 = Release|x64
		Release|x86 = Release|x86
	EndGlobalSection
	GlobalSection(ProjectConfigurationPlatforms) = postSolution
		{A262F091-A33F-4D49-A5B1-E59CC90793EB}.Debug|x64.ActiveCfg = Debug|x64
		{A262F091-A33F-4D49-A5B1-E59CC90793EB}.Debug|x64.Build.0 = Debug|x64
		{A262F091-A33F-4D49-A5B1-E59CC90793EB}.Debug|x86.ActiveCfg = Debug|Win32
		{A262F091-A33F-4D49-A5B1-E59CC90793EB}.Debug|x86.Build.0 = Debug|Win32
		{A262F091-A33F-4D49-A5B1-E59CC90793EB}.Release|x64.ActiveCfg = Release|x64
		{A262F091-A33F-4D49-A5B1-E59CC90793EB}.Release|x64.Build.0 = Release|x64
		{A262F091-A33F-4D49-A5B1-E59CC90793EB}.Release|x86.ActiveCfg = Release|Win32
		{A262F091-A33F-4D49-A5B1-E59CC90793EB}.Release|x86.Build.0 = Release|Win32
	EndGlobalSection
	GlobalSection(SolutionProperties) = preSolution
		HideSolutionNode = FALSE
	EndGlobalSection
	GlobalSection(ExtensibilityGlobals) = postSolution
		SolutionGuid = {64596532-8B6E-481B-AD39-B0ABC37348E2}
	EndGlobalSection
EndGlobal
