
Microsoft Visual Studio Solution File, Format Version 12.00
# Visual Studio Version 16
VisualStudioVersion = 16.0.29728.190
MinimumVisualStudioVersion = 10.0.40219.1
Project("{8BC9CEB8-8B4A-11D0-8D11-00A0C91BC942}") = "test", "test\test.vcxproj", "{7DE232C8-7935-4C69-89AE-CDB95E1B48D7}"
EndProject
Global
	GlobalSection(SolutionConfigurationPlatforms) = preSolution
		Debug|x64 = Debug|x64
		Debug|x86 = Debug|x86
		Release|x64 = Release|x64
		Release|x86 = Release|x86
	EndGlobalSection
	GlobalSection(ProjectConfigurationPlatforms) = postSolution
		{7DE232C8-7935-4C69-89AE-CDB95E1B48D7}.Debug|x64.ActiveCfg = Debug|x64
		{7DE232C8-7935-4C69-89AE-CDB95E1B48D7}.Debug|x64.Build.0 = Debug|x64
		{7DE232C8-7935-4C69-89AE-CDB95E1B48D7}.Debug|x86.ActiveCfg = Debug|Win32
		{7DE232C8-7935-4C69-89AE-CDB95E1B48D7}.Debug|x86.Build.0 = Debug|Win32
		{7DE232C8-7935-4C69-89AE-CDB95E1B48D7}.Release|x64.ActiveCfg = Release|x64
		{7DE232C8-7935-4C69-89AE-CDB95E1B48D7}.Release|x64.Build.0 = Release|x64
		{7DE232C8-7935-4C69-89AE-CDB95E1B48D7}.Release|x86.ActiveCfg = Release|Win32
		{7DE232C8-7935-4C69-89AE-CDB95E1B48D7}.Release|x86.Build.0 = Release|Win32
	EndGlobalSection
	GlobalSection(SolutionProperties) = preSolution
		HideSolutionNode = FALSE
	EndGlobalSection
	GlobalSection(ExtensibilityGlobals) = postSolution
		SolutionGuid = {CDBCD056-7EE7-4953-990B-9BC257DCC968}
	EndGlobalSection
EndGlobal
