
Microsoft Visual Studio Solution File, Format Version 12.00
# Visual Studio Version 16
VisualStudioVersion = 16.0.30413.136
MinimumVisualStudioVersion = 10.0.40219.1
Project("{8BC9CEB8-8B4A-11D0-8D11-00A0C91BC942}") = "expression", "expression\expression.vcxproj", "{89934A37-178C-4397-BD16-5599E545DD2A}"
EndProject
Global
	GlobalSection(SolutionConfigurationPlatforms) = preSolution
		Debug|x64 = Debug|x64
		Debug|x86 = Debug|x86
		Release|x64 = Release|x64
		Release|x86 = Release|x86
	EndGlobalSection
	GlobalSection(ProjectConfigurationPlatforms) = postSolution
		{89934A37-178C-4397-BD16-5599E545DD2A}.Debug|x64.ActiveCfg = Debug|x64
		{89934A37-178C-4397-BD16-5599E545DD2A}.Debug|x64.Build.0 = Debug|x64
		{89934A37-178C-4397-BD16-5599E545DD2A}.Debug|x86.ActiveCfg = Debug|Win32
		{89934A37-178C-4397-BD16-5599E545DD2A}.Debug|x86.Build.0 = Debug|Win32
		{89934A37-178C-4397-BD16-5599E545DD2A}.Release|x64.ActiveCfg = Release|x64
		{89934A37-178C-4397-BD16-5599E545DD2A}.Release|x64.Build.0 = Release|x64
		{89934A37-178C-4397-BD16-5599E545DD2A}.Release|x86.ActiveCfg = Release|Win32
		{89934A37-178C-4397-BD16-5599E545DD2A}.Release|x86.Build.0 = Release|Win32
	EndGlobalSection
	GlobalSection(SolutionProperties) = preSolution
		HideSolutionNode = FALSE
	EndGlobalSection
	GlobalSection(ExtensibilityGlobals) = postSolution
		SolutionGuid = {56FECBBD-09BF-42EF-AB6D-350A7EC62CA6}
	EndGlobalSection
EndGlobal
